
Microsoft Visual Studio Solution File, Format Version 12.00
# Visual Studio Version 16
VisualStudioVersion = 16.0.31624.102
MinimumVisualStudioVersion = 10.0.40219.1
Project("{FAE04EC0-301F-11D3-BF4B-00C04F79EFBC}") = "Prueba_SaludDigna_DanielRodriguez", "Prueba_SaludDigna_DanielRodriguez\Prueba_SaludDigna_DanielRodriguez.csproj", "{88E504AD-03D3-41D3-8AED-8E7FE57077C3}"
EndProject
Global
	GlobalSection(SolutionConfigurationPlatforms) = preSolution
		Debug|Any CPU = Debug|Any CPU
		Release|Any CPU = Release|Any CPU
	EndGlobalSection
	GlobalSection(ProjectConfigurationPlatforms) = postSolution
		{88E504AD-03D3-41D3-8AED-8E7FE57077C3}.Debug|Any CPU.ActiveCfg = Debug|Any CPU
		{88E504AD-03D3-41D3-8AED-8E7FE57077C3}.Debug|Any CPU.Build.0 = Debug|Any CPU
		{88E504AD-03D3-41D3-8AED-8E7FE57077C3}.Release|Any CPU.ActiveCfg = Release|Any CPU
		{88E504AD-03D3-41D3-8AED-8E7FE57077C3}.Release|Any CPU.Build.0 = Release|Any CPU
	EndGlobalSection
	GlobalSection(SolutionProperties) = preSolution
		HideSolutionNode = FALSE
	EndGlobalSection
	GlobalSection(ExtensibilityGlobals) = postSolution
		SolutionGuid = {1933EB60-9EAE-48C6-961E-29878A76411B}
	EndGlobalSection
EndGlobal
